
Microsoft Visual Studio Solution File, Format Version 12.00
# Visual Studio 15
VisualStudioVersion = 15.0.28010.2019
MinimumVisualStudioVersion = 10.0.40219.1
Project("{FAE04EC0-301F-11D3-BF4B-00C04F79EFBC}") = "TokenIcer", "TokenIcer.csproj", "{3286379B-08ED-438C-9FF9-F20580CD9D8F}"
EndProject
Global
	GlobalSection(SolutionConfigurationPlatforms) = preSolution
		Debug|Any CPU = Debug|Any CPU
		Release|Any CPU = Release|Any CPU
	EndGlobalSection
	GlobalSection(ProjectConfigurationPlatforms) = postSolution
		{3286379B-08ED-438C-9FF9-F20580CD9D8F}.Debug|Any CPU.ActiveCfg = Debug|Any CPU
		{3286379B-08ED-438C-9FF9-F20580CD9D8F}.Debug|Any CPU.Build.0 = Debug|Any CPU
		{3286379B-08ED-438C-9FF9-F20580CD9D8F}.Release|Any CPU.ActiveCfg = Release|Any CPU
		{3286379B-08ED-438C-9FF9-F20580CD9D8F}.Release|Any CPU.Build.0 = Release|Any CPU
	EndGlobalSection
	GlobalSection(SolutionProperties) = preSolution
		HideSolutionNode = FALSE
	EndGlobalSection
	GlobalSection(ExtensibilityGlobals) = postSolution
		SolutionGuid = {34F4C3D7-F953-45F0-B972-E4D69B1D0043}
	EndGlobalSection
EndGlobal
